
Microsoft Visual Studio Solution File, Format Version 12.00
# Visual Studio Version 16
VisualStudioVersion = 16.0.31129.286
MinimumVisualStudioVersion = 10.0.40219.1
Project("{FAE04EC0-301F-11D3-BF4B-00C04F79EFBC}") = "Non-linear-data-struct", "Non-linear-data-struct\Non-linear-data-struct.csproj", "{CE08D051-C6D1-4C6E-B66D-D7CA9859E97A}"
EndProject
Project("{FAE04EC0-301F-11D3-BF4B-00C04F79EFBC}") = "Test_Non-linear-data-struct", "Test_Non-linear-data-struct\Test_Non-linear-data-struct.csproj", "{9DAC1D9C-611C-4772-B356-FFA3C437D4E2}"
EndProject
Global
	GlobalSection(SolutionConfigurationPlatforms) = preSolution
		Debug|Any CPU = Debug|Any CPU
		Release|Any CPU = Release|Any CPU
	EndGlobalSection
	GlobalSection(ProjectConfigurationPlatforms) = postSolution
		{CE08D051-C6D1-4C6E-B66D-D7CA9859E97A}.Debug|Any CPU.ActiveCfg = Debug|Any CPU
		{CE08D051-C6D1-4C6E-B66D-D7CA9859E97A}.Debug|Any CPU.Build.0 = Debug|Any CPU
		{CE08D051-C6D1-4C6E-B66D-D7CA9859E97A}.Release|Any CPU.ActiveCfg = Release|Any CPU
		{CE08D051-C6D1-4C6E-B66D-D7CA9859E97A}.Release|Any CPU.Build.0 = Release|Any CPU
		{9DAC1D9C-611C-4772-B356-FFA3C437D4E2}.Debug|Any CPU.ActiveCfg = Debug|Any CPU
		{9DAC1D9C-611C-4772-B356-FFA3C437D4E2}.Debug|Any CPU.Build.0 = Debug|Any CPU
		{9DAC1D9C-611C-4772-B356-FFA3C437D4E2}.Release|Any CPU.ActiveCfg = Release|Any CPU
		{9DAC1D9C-611C-4772-B356-FFA3C437D4E2}.Release|Any CPU.Build.0 = Release|Any CPU
	EndGlobalSection
	GlobalSection(SolutionProperties) = preSolution
		HideSolutionNode = FALSE
	EndGlobalSection
	GlobalSection(ExtensibilityGlobals) = postSolution
		SolutionGuid = {37F93AE0-C439-41F6-9A51-7AE777013118}
	EndGlobalSection
EndGlobal
